
Microsoft Visual Studio Solution File, Format Version 12.00
# Visual Studio Version 17
VisualStudioVersion = 17.3.32922.545
MinimumVisualStudioVersion = 10.0.40219.1
Project("{FAE04EC0-301F-11D3-BF4B-00C04F79EFBC}") = "EncodeDecode", "EncodeDecode.csproj", "{025D92ED-3C1E-4895-9980-10FD27FCB026}"
EndProject
Global
	GlobalSection(SolutionConfigurationPlatforms) = preSolution
		Debug|Any CPU = Debug|Any CPU
		Release|Any CPU = Release|Any CPU
	EndGlobalSection
	GlobalSection(ProjectConfigurationPlatforms) = postSolution
		{025D92ED-3C1E-4895-9980-10FD27FCB026}.Debug|Any CPU.ActiveCfg = Debug|Any CPU
		{025D92ED-3C1E-4895-9980-10FD27FCB026}.Debug|Any CPU.Build.0 = Debug|Any CPU
		{025D92ED-3C1E-4895-9980-10FD27FCB026}.Release|Any CPU.ActiveCfg = Release|Any CPU
		{025D92ED-3C1E-4895-9980-10FD27FCB026}.Release|Any CPU.Build.0 = Release|Any CPU
	EndGlobalSection
	GlobalSection(SolutionProperties) = preSolution
		HideSolutionNode = FALSE
	EndGlobalSection
	GlobalSection(ExtensibilityGlobals) = postSolution
		SolutionGuid = {4926F63D-8984-424C-AA0D-25BB817262A5}
	EndGlobalSection
EndGlobal
